
Microsoft Visual Studio Solution File, Format Version 12.00
# Visual Studio Version 17
VisualStudioVersion = 17.4.33213.308
MinimumVisualStudioVersion = 10.0.40219.1
Project("{FAE04EC0-301F-11D3-BF4B-00C04F79EFBC}") = "LearningPlatform", "LearningPlatform\LearningPlatform.csproj", "{E5AA2560-08F1-4EC2-97C7-FC6B7B3963C6}"
EndProject
Global
	GlobalSection(SolutionConfigurationPlatforms) = preSolution
		Debug|Any CPU = Debug|Any CPU
		Release|Any CPU = Release|Any CPU
	EndGlobalSection
	GlobalSection(ProjectConfigurationPlatforms) = postSolution
		{E5AA2560-08F1-4EC2-97C7-FC6B7B3963C6}.Debug|Any CPU.ActiveCfg = Debug|Any CPU
		{E5AA2560-08F1-4EC2-97C7-FC6B7B3963C6}.Debug|Any CPU.Build.0 = Debug|Any CPU
		{E5AA2560-08F1-4EC2-97C7-FC6B7B3963C6}.Release|Any CPU.ActiveCfg = Release|Any CPU
		{E5AA2560-08F1-4EC2-97C7-FC6B7B3963C6}.Release|Any CPU.Build.0 = Release|Any CPU
	EndGlobalSection
	GlobalSection(SolutionProperties) = preSolution
		HideSolutionNode = FALSE
	EndGlobalSection
	GlobalSection(ExtensibilityGlobals) = postSolution
		SolutionGuid = {6E0413EC-A373-4E30-A04D-6AC51F341883}
	EndGlobalSection
EndGlobal
